
Microsoft Visual Studio Solution File, Format Version 12.00
# Visual Studio 2017
Project("{FAE04EC0-301F-11D3-BF4B-00C04F79EFBC}") = "Brain Visualization for Dancers", "Brain Visualization for Dancers.csproj", "{3D07428A-15C6-E8EE-A5AC-756AF31688C8}"
EndProject
Global
	GlobalSection(SolutionConfigurationPlatforms) = preSolution
		Debug|Any CPU = Debug|Any CPU
		Release|Any CPU = Release|Any CPU
	EndGlobalSection
	GlobalSection(ProjectConfigurationPlatforms) = postSolution
		{3D07428A-15C6-E8EE-A5AC-756AF31688C8}.Debug|Any CPU.ActiveCfg = Debug|Any CPU
		{3D07428A-15C6-E8EE-A5AC-756AF31688C8}.Debug|Any CPU.Build.0 = Debug|Any CPU
		{3D07428A-15C6-E8EE-A5AC-756AF31688C8}.Release|Any CPU.ActiveCfg = Release|Any CPU
		{3D07428A-15C6-E8EE-A5AC-756AF31688C8}.Release|Any CPU.Build.0 = Release|Any CPU
	EndGlobalSection
	GlobalSection(SolutionProperties) = preSolution
		HideSolutionNode = FALSE
	EndGlobalSection
EndGlobal
