
Microsoft Visual Studio Solution File, Format Version 11.00
# Visual Studio 2010
Project("{FAE04EC0-301F-11D3-BF4B-00C04F79EFBC}") = "EEG Game", "Assembly-CSharp.csproj", "{ABBD3944-D4F1-0139-B421-801C5BAC4F59}"
EndProject
Project("{FAE04EC0-301F-11D3-BF4B-00C04F79EFBC}") = "EEG Game", "Assembly-CSharp-Editor.csproj", "{F27833BA-DA1A-6F99-1BE3-6EC1E080A650}"
EndProject
Global
	GlobalSection(SolutionConfigurationPlatforms) = preSolution
		Debug|Any CPU = Debug|Any CPU
		Release|Any CPU = Release|Any CPU
	EndGlobalSection
	GlobalSection(ProjectConfigurationPlatforms) = postSolution
		{ABBD3944-D4F1-0139-B421-801C5BAC4F59}.Debug|Any CPU.ActiveCfg = Debug|Any CPU
		{ABBD3944-D4F1-0139-B421-801C5BAC4F59}.Debug|Any CPU.Build.0 = Debug|Any CPU
		{ABBD3944-D4F1-0139-B421-801C5BAC4F59}.Release|Any CPU.ActiveCfg = Release|Any CPU
		{ABBD3944-D4F1-0139-B421-801C5BAC4F59}.Release|Any CPU.Build.0 = Release|Any CPU
		{F27833BA-DA1A-6F99-1BE3-6EC1E080A650}.Debug|Any CPU.ActiveCfg = Debug|Any CPU
		{F27833BA-DA1A-6F99-1BE3-6EC1E080A650}.Debug|Any CPU.Build.0 = Debug|Any CPU
		{F27833BA-DA1A-6F99-1BE3-6EC1E080A650}.Release|Any CPU.ActiveCfg = Release|Any CPU
		{F27833BA-DA1A-6F99-1BE3-6EC1E080A650}.Release|Any CPU.Build.0 = Release|Any CPU
	EndGlobalSection
	GlobalSection(SolutionProperties) = preSolution
		HideSolutionNode = FALSE
	EndGlobalSection
	GlobalSection(MonoDevelopProperties) = preSolution
		StartupItem = Assembly-CSharp.csproj
	EndGlobalSection
EndGlobal
