
Microsoft Visual Studio Solution File, Format Version 12.00
# Visual Studio 2015
Project("{FAE04EC0-301F-11D3-BF4B-00C04F79EFBC}") = "Affectiva to Face", "Affectiva to Face.csproj", "{B7A396EF-1FFA-8B44-3A94-035CCFE985AB}"
EndProject
Project("{FAE04EC0-301F-11D3-BF4B-00C04F79EFBC}") = "Affectiva to Face.Editor", "Affectiva to Face.Editor.csproj", "{E9BF44AF-2C4B-1050-C137-E9E4129E467B}"
EndProject
Global
	GlobalSection(SolutionConfigurationPlatforms) = preSolution
		Debug|Any CPU = Debug|Any CPU
		Release|Any CPU = Release|Any CPU
	EndGlobalSection
	GlobalSection(ProjectConfigurationPlatforms) = postSolution
		{B7A396EF-1FFA-8B44-3A94-035CCFE985AB}.Debug|Any CPU.ActiveCfg = Debug|Any CPU
		{B7A396EF-1FFA-8B44-3A94-035CCFE985AB}.Debug|Any CPU.Build.0 = Debug|Any CPU
		{B7A396EF-1FFA-8B44-3A94-035CCFE985AB}.Release|Any CPU.ActiveCfg = Release|Any CPU
		{B7A396EF-1FFA-8B44-3A94-035CCFE985AB}.Release|Any CPU.Build.0 = Release|Any CPU
		{E9BF44AF-2C4B-1050-C137-E9E4129E467B}.Debug|Any CPU.ActiveCfg = Debug|Any CPU
		{E9BF44AF-2C4B-1050-C137-E9E4129E467B}.Debug|Any CPU.Build.0 = Debug|Any CPU
		{E9BF44AF-2C4B-1050-C137-E9E4129E467B}.Release|Any CPU.ActiveCfg = Release|Any CPU
		{E9BF44AF-2C4B-1050-C137-E9E4129E467B}.Release|Any CPU.Build.0 = Release|Any CPU
	EndGlobalSection
	GlobalSection(SolutionProperties) = preSolution
		HideSolutionNode = FALSE
	EndGlobalSection
EndGlobal
