
Microsoft Visual Studio Solution File, Format Version 12.00
# Visual Studio 2017
Project("{FAE04EC0-301F-11D3-BF4B-00C04F79EFBC}") = "Affectiva Analyze and Capture", "Affectiva Analyze and Capture.csproj", "{0D76F969-696F-5BDB-2B1C-14724FF7EA6C}"
EndProject
Project("{FAE04EC0-301F-11D3-BF4B-00C04F79EFBC}") = "Affectiva Analyze and Capture.Editor", "Affectiva Analyze and Capture.Editor.csproj", "{AD3886A4-B0F9-3167-A4CA-965C3B221A17}"
EndProject
Global
	GlobalSection(SolutionConfigurationPlatforms) = preSolution
		Debug|Any CPU = Debug|Any CPU
		Release|Any CPU = Release|Any CPU
	EndGlobalSection
	GlobalSection(ProjectConfigurationPlatforms) = postSolution
		{0D76F969-696F-5BDB-2B1C-14724FF7EA6C}.Debug|Any CPU.ActiveCfg = Debug|Any CPU
		{0D76F969-696F-5BDB-2B1C-14724FF7EA6C}.Debug|Any CPU.Build.0 = Debug|Any CPU
		{0D76F969-696F-5BDB-2B1C-14724FF7EA6C}.Release|Any CPU.ActiveCfg = Release|Any CPU
		{0D76F969-696F-5BDB-2B1C-14724FF7EA6C}.Release|Any CPU.Build.0 = Release|Any CPU
		{AD3886A4-B0F9-3167-A4CA-965C3B221A17}.Debug|Any CPU.ActiveCfg = Debug|Any CPU
		{AD3886A4-B0F9-3167-A4CA-965C3B221A17}.Debug|Any CPU.Build.0 = Debug|Any CPU
		{AD3886A4-B0F9-3167-A4CA-965C3B221A17}.Release|Any CPU.ActiveCfg = Release|Any CPU
		{AD3886A4-B0F9-3167-A4CA-965C3B221A17}.Release|Any CPU.Build.0 = Release|Any CPU
	EndGlobalSection
	GlobalSection(SolutionProperties) = preSolution
		HideSolutionNode = FALSE
	EndGlobalSection
EndGlobal
